
Microsoft Visual Studio Solution File, Format Version 12.00
# Visual Studio Version 17
VisualStudioVersion = 17.3.32922.545
MinimumVisualStudioVersion = 10.0.40219.1
Project("{FAE04EC0-301F-11D3-BF4B-00C04F79EFBC}") = "UPA07", "UPA07\UPA07.csproj", "{C053427D-DEF3-4620-8196-C380BBDE3987}"
EndProject
Global
	GlobalSection(SolutionConfigurationPlatforms) = preSolution
		Debug|Any CPU = Debug|Any CPU
		Release|Any CPU = Release|Any CPU
	EndGlobalSection
	GlobalSection(ProjectConfigurationPlatforms) = postSolution
		{C053427D-DEF3-4620-8196-C380BBDE3987}.Debug|Any CPU.ActiveCfg = Debug|Any CPU
		{C053427D-DEF3-4620-8196-C380BBDE3987}.Debug|Any CPU.Build.0 = Debug|Any CPU
		{C053427D-DEF3-4620-8196-C380BBDE3987}.Release|Any CPU.ActiveCfg = Release|Any CPU
		{C053427D-DEF3-4620-8196-C380BBDE3987}.Release|Any CPU.Build.0 = Release|Any CPU
	EndGlobalSection
	GlobalSection(SolutionProperties) = preSolution
		HideSolutionNode = FALSE
	EndGlobalSection
	GlobalSection(ExtensibilityGlobals) = postSolution
		SolutionGuid = {E7706CB9-5F48-475D-B2EA-4DCF68684D92}
	EndGlobalSection
EndGlobal
